// !$*UTF8*$!
{
	archiveVersion = 1;
	classes = {
	};
	objectVersion = 46;
	objects = {

/* Begin PBXBuildFile section */
		C9990F8D1BFCC7CC009EFE13 /* main.m in Sources */ = {isa = PBXBuildFile; fileRef = C9990F8C1BFCC7CC009EFE13 /* main.m */; };
		C9990F901BFCC7CC009EFE13 /* AppDelegate.m in Sources */ = {isa = PBXBuildFile; fileRef = C9990F8F1BFCC7CC009EFE13 /* AppDelegate.m */; };
		C9990F931BFCC7CC009EFE13 /* ViewController.m in Sources */ = {isa = PBXBuildFile; fileRef = C9990F921BFCC7CC009EFE13 /* ViewController.m */; };
		C9990F961BFCC7CC009EFE13 /* Main.storyboard in Resources */ = {isa = PBXBuildFile; fileRef = C9990F941BFCC7CC009EFE13 /* Main.storyboard */; };
		C9990F981BFCC7CC009EFE13 /* Assets.xcassets in Resources */ = {isa = PBXBuildFile; fileRef = C9990F971BFCC7CC009EFE13 /* Assets.xcassets */; };
		C9990F9B1BFCC7CC009EFE13 /* LaunchScreen.storyboard in Resources */ = {isa = PBXBuildFile; fileRef = C9990F991BFCC7CC009EFE13 /* LaunchScreen.storyboard */; };
/* End PBXBuildFile section */

/* Begin PBXFileReference section */
		C9990F881BFCC7CC009EFE13 /* WeatherExample.app */ = {isa = PBXFileReference; explicitFileType = wrapper.application; includeInIndex = 0; path = WeatherExample.app; sourceTree = BUILT_PRODUCTS_DIR; };
		C9990F8C1BFCC7CC009EFE13 /* main.m */ = {isa = PBXFileReference; lastKnownFileType = sourcecode.c.objc; path = main.m; sourceTree = "<group>"; };
		C9990F8E1BFCC7CC009EFE13 /* AppDelegate.h */ = {isa = PBXFileReference; lastKnownFileType = sourcecode.c.h; path = AppDelegate.h; sourceTree = "<group>"; };
		C9990F8F1BFCC7CC009EFE13 /* AppDelegate.m */ = {isa = PBXFileReference; lastKnownFileType = sourcecode.c.objc; path = AppDelegate.m; sourceTree = "<group>"; };
		C9990F911BFCC7CC009EFE13 /* ViewController.h */ = {isa = PBXFileReference; lastKnownFileType = sourcecode.c.h; path = ViewController.h; sourceTree = "<group>"; };
		C9990F921BFCC7CC009EFE13 /* ViewController.m */ = {isa = PBXFileReference; lastKnownFileType = sourcecode.c.objc; path = ViewController.m; sourceTree = "<group>"; };
		C9990F951BFCC7CC009EFE13 /* Base */ = {isa = PBXFileReference; lastKnownFileType = file.storyboard; name = Base; path = Base.lproj/Main.storyboard; sourceTree = "<group>"; };
		C9990F971BFCC7CC009EFE13 /* Assets.xcassets */ = {isa = PBXFileReference; lastKnownFileType = folder.assetcatalog; path = Assets.xcassets; sourceTree = "<group>"; };
		C9990F9A1BFCC7CC009EFE13 /* Base */ = {isa = PBXFileReference; lastKnownFileType = file.storyboard; name = Base; path = Base.lproj/LaunchScreen.storyboard; sourceTree = "<group>"; };
		C9990F9C1BFCC7CC009EFE13 /* Info.plist */ = {isa = PBXFileReference; lastKnownFileType = text.plist.xml; path = Info.plist; sourceTree = "<group>"; };
/* End PBXFileReference section */

/* Begin PBXFrameworksBuildPhase section */
		C9990F851BFCC7CC009EFE13 /* Frameworks */ = {
			isa = PBXFrameworksBuildPhase;
			buildActionMask = 2147483647;
			files = (
			);
			runOnlyForDeploymentPostprocessing = 0;
		};
/* End PBXFrameworksBuildPhase section */

/* Begin PBXGroup section */
		C9990F7F1BFCC7CC009EFE13 = {
			isa = PBXGroup;
			children = (
				C9990F8A1BFCC7CC009EFE13 /* WeatherExample */,
				C9990F891BFCC7CC009EFE13 /* Products */,
			);
			sourceTree = "<group>";
		};
		C9990F891BFCC7CC009EFE13 /* Products */ = {
			isa = PBXGroup;
			children = (
				C9990F881BFCC7CC009EFE13 /* WeatherExample.app */,
			);
			name = Products;
			sourceTree = "<group>";
		};
		C9990F8A1BFCC7CC009EFE13 /* WeatherExample */ = {
			isa = PBXGroup;
			children = (
				C9990F8E1BFCC7CC009EFE13 /* AppDelegate.h */,
				C9990F8F1BFCC7CC009EFE13 /* AppDelegate.m */,
				C9990F911BFCC7CC009EFE13 /* ViewController.h */,
				C9990F921BFCC7CC009EFE13 /* ViewController.m */,
				C9990F941BFCC7CC009EFE13 /* Main.storyboard */,
				C9990F971BFCC7CC009EFE13 /* Assets.xcassets */,
				C9990F991BFCC7CC009EFE13 /* LaunchScreen.storyboard */,
				C9990F9C1BFCC7CC009EFE13 /* Info.plist */,
				C9990F8B1BFCC7CC009EFE13 /* Supporting Files */,
			);
			path = WeatherExample;
			sourceTree = "<group>";
		};
		C9990F8B1BFCC7CC009EFE13 /* Supporting Files */ = {
			isa = PBXGroup;
			children = (
				C9990F8C1BFCC7CC009EFE13 /* main.m */,
			);
			name = "Supporting Files";
			sourceTree = "<group>";
		};
/* End PBXGroup section */

/* Begin PBXNativeTarget section */
		C9990F871BFCC7CC009EFE13 /* WeatherExample */ = {
			isa = PBXNativeTarget;
			buildConfigurationList = C9990F9F1BFCC7CC009EFE13 /* Build configuration list for PBXNativeTarget "WeatherExample" */;
			buildPhases = (
				C9990F841BFCC7CC009EFE13 /* Sources */,
				C9990F851BFCC7CC009EFE13 /* Frameworks */,
				C9990F861BFCC7CC009EFE13 /* Resources */,
			);
			buildRules = (
			);
			dependencies = (
			);
			name = WeatherExample;
			productName = WeatherExample;
			productReference = C9990F881BFCC7CC009EFE13 /* WeatherExample.app */;
			productType = "com.apple.product-type.application";
		};
/* End PBXNativeTarget section */

/* Begin PBXProject section */
		C9990F801BFCC7CC009EFE13 /* Project object */ = {
			isa = PBXProject;
			attributes = {
				LastUpgradeCheck = 0700;
				ORGANIZATIONNAME = "___CASH___";
				TargetAttributes = {
					C9990F871BFCC7CC009EFE13 = {
						CreatedOnToolsVersion = 7.0.1;
					};
				};
			};
			buildConfigurationList = C9990F831BFCC7CC009EFE13 /* Build configuration list for PBXProject "WeatherExample" */;
			compatibilityVersion = "Xcode 3.2";
			developmentRegion = English;
			hasScannedForEncodings = 0;
			knownRegions = (
				en,
				Base,
			);
			mainGroup = C9990F7F1BFCC7CC009EFE13;
			productRefGroup = C9990F891BFCC7CC009EFE13 /* Products */;
			projectDirPath = "";
			projectRoot = "";
			targets = (
				C9990F871BFCC7CC009EFE13 /* WeatherExample */,
			);
		};
/* End PBXProject section */

/* Begin PBXResourcesBuildPhase section */
		C9990F861BFCC7CC009EFE13 /* Resources */ = {
			isa = PBXResourcesBuildPhase;
			buildActionMask = 2147483647;
			files = (
				C9990F9B1BFCC7CC009EFE13 /* LaunchScreen.storyboard in Resources */,
				C9990F981BFCC7CC009EFE13 /* Assets.xcassets in Resources */,
				C9990F961BFCC7CC009EFE13 /* Main.storyboard in Resources */,
			);
			runOnlyForDeploymentPostprocessing = 0;
		};
/* End PBXResourcesBuildPhase section */

/* Begin PBXSourcesBuildPhase section */
		C9990F841BFCC7CC009EFE13 /* Sources */ = {
			isa = PBXSourcesBuildPhase;
			buildActionMask = 2147483647;
			files = (
				C9990F931BFCC7CC009EFE13 /* ViewController.m in Sources */,
				C9990F901BFCC7CC009EFE13 /* AppDelegate.m in Sources */,
				C9990F8D1BFCC7CC009EFE13 /* main.m in Sources */,
			);
			runOnlyForDeploymentPostprocessing = 0;
		};
/* End PBXSourcesBuildPhase section */

/* Begin PBXVariantGroup section */
		C9990F941BFCC7CC009EFE13 /* Main.storyboard */ = {
			isa = PBXVariantGroup;
			children = (
				C9990F951BFCC7CC009EFE13 /* Base */,
			);
			name = Main.storyboard;
			sourceTree = "<group>";
		};
		C9990F991BFCC7CC009EFE13 /* LaunchScreen.storyboard */ = {
			isa = PBXVariantGroup;
			children = (
				C9990F9A1BFCC7CC009EFE13 /* Base */,
			);
			name = LaunchScreen.storyboard;
			sourceTree = "<group>";
		};
/* End PBXVariantGroup section */

/* Begin XCBuildConfiguration section */
		C9990F9D1BFCC7CC009EFE13 /* Debug */ = {
			isa = XCBuildConfiguration;
			buildSettings = {
				ALWAYS_SEARCH_USER_PATHS = NO;
				CLANG_CXX_LANGUAGE_STANDARD = "gnu++0x";
				CLANG_CXX_LIBRARY = "libc++";
				CLANG_ENABLE_MODULES = YES;
				CLANG_ENABLE_OBJC_ARC = YES;
				CLANG_WARN_BOOL_CONVERSION = YES;
				CLANG_WARN_CONSTANT_CONVERSION = YES;
				CLANG_WARN_DIRECT_OBJC_ISA_USAGE = YES_ERROR;
				CLANG_WARN_EMPTY_BODY = YES;
				CLANG_WARN_ENUM_CONVERSION = YES;
				CLANG_WARN_INT_CONVERSION = YES;
				CLANG_WARN_OBJC_ROOT_CLASS = YES_ERROR;
				CLANG_WARN_UNREACHABLE_CODE = YES;
				CLANG_WARN__DUPLICATE_METHOD_MATCH = YES;
				"CODE_SIGN_IDENTITY[sdk=iphoneos*]" = "iPhone Developer";
				COPY_PHASE_STRIP = NO;
				DEBUG_INFORMATION_FORMAT = dwarf;
				ENABLE_STRICT_OBJC_MSGSEND = YES;
				ENABLE_TESTABILITY = YES;
				GCC_C_LANGUAGE_STANDARD = gnu99;
				GCC_DYNAMIC_NO_PIC = NO;
				GCC_NO_COMMON_BLOCKS = YES;
				GCC_OPTIMIZATION_LEVEL = 0;
				GCC_PREPROCESSOR_DEFINITIONS = (
					"DEBUG=1",
					"$(inherited)",
				);
				GCC_WARN_64_TO_32_BIT_CONVERSION = YES;
				GCC_WARN_ABOUT_RETURN_TYPE = YES_ERROR;
				GCC_WARN_UNDECLARED_SELECTOR = YES;
				GCC_WARN_UNINITIALIZED_AUTOS = YES_AGGRESSIVE;
				GCC_WARN_UNUSED_FUNCTION = YES;
				GCC_WARN_UNUSED_VARIABLE = YES;
				IPHONEOS_DEPLOYMENT_TARGET = 9.0;
				MTL_ENABLE_DEBUG_INFO = YES;
				ONLY_ACTIVE_ARCH = YES;
				SDKROOT = iphoneos;
			};
			name = Debug;
		};
		C9990F9E1BFCC7CC009EFE13 /* Release */ = {
			isa = XCBuildConfiguration;
			buildSettings = {
				ALWAYS_SEARCH_USER_PATHS = NO;
				CLANG_CXX_LANGUAGE_STANDARD = "gnu++0x";
				CLANG_CXX_LIBRARY = "libc++";
				CLANG_ENABLE_MODULES = YES;
				CLANG_ENABLE_OBJC_ARC = YES;
				CLANG_WARN_BOOL_CONVERSION = YES;
				CLANG_WARN_CONSTANT_CONVERSION = YES;
				CLANG_WARN_DIRECT_OBJC_ISA_USAGE = YES_ERROR;
				CLANG_WARN_EMPTY_BODY = YES;
				CLANG_WARN_ENUM_CONVERSION = YES;
				CLANG_WARN_INT_CONVERSION = YES;
				CLANG_WARN_OBJC_ROOT_CLASS = YES_ERROR;
				CLANG_WARN_UNREACHABLE_CODE = YES;
				CLANG_WARN__DUPLICATE_METHOD_MATCH = YES;
				"CODE_SIGN_IDENTITY[sdk=iphoneos*]" = "iPhone Developer";
				COPY_PHASE_STRIP = NO;
				DEBUG_INFORMATION_FORMAT = "dwarf-with-dsym";
				ENABLE_NS_ASSERTIONS = NO;
				ENABLE_STRICT_OBJC_MSGSEND = YES;
				GCC_C_LANGUAGE_STANDARD = gnu99;
				GCC_NO_COMMON_BLOCKS = YES;
				GCC_WARN_64_TO_32_BIT_CONVERSION = YES;
				GCC_WARN_ABOUT_RETURN_TYPE = YES_ERROR;
				GCC_WARN_UNDECLARED_SELECTOR = YES;
				GCC_WARN_UNINITIALIZED_AUTOS = YES_AGGRESSIVE;
				GCC_WARN_UNUSED_FUNCTION = YES;
				GCC_WARN_UNUSED_VARIABLE = YES;
				IPHONEOS_DEPLOYMENT_TARGET = 9.0;
				MTL_ENABLE_DEBUG_INFO = NO;
				SDKROOT = iphoneos;
				VALIDATE_PRODUCT = YES;
			};
			name = Release;
		};
		C9990FA01BFCC7CC009EFE13 /* Debug */ = {
			isa = XCBuildConfiguration;
			buildSettings = {
				ASSETCATALOG_COMPILER_APPICON_NAME = AppIcon;
				INFOPLIST_FILE = WeatherExample/Info.plist;
				LD_RUNPATH_SEARCH_PATHS = "$(inherited) @executable_path/Frameworks";
				PRODUCT_BUNDLE_IDENTIFIER = com.cash.WeatherExample;
				PRODUCT_NAME = "$(TARGET_NAME)";
			};
			name = Debug;
		};
		C9990FA11BFCC7CC009EFE13 /* Release */ = {
			isa = XCBuildConfiguration;
			buildSettings = {
				ASSETCATALOG_COMPILER_APPICON_NAME = AppIcon;
				INFOPLIST_FILE = WeatherExample/Info.plist;
				LD_RUNPATH_SEARCH_PATHS = "$(inherited) @executable_path/Frameworks";
				PRODUCT_BUNDLE_IDENTIFIER = com.cash.WeatherExample;
				PRODUCT_NAME = "$(TARGET_NAME)";
			};
			name = Release;
		};
/* End XCBuildConfiguration section */

/* Begin XCConfigurationList section */
		C9990F831BFCC7CC009EFE13 /* Build configuration list for PBXProject "WeatherExample" */ = {
			isa = XCConfigurationList;
			buildConfigurations = (
				C9990F9D1BFCC7CC009EFE13 /* Debug */,
				C9990F9E1BFCC7CC009EFE13 /* Release */,
			);
			defaultConfigurationIsVisible = 0;
			defaultConfigurationName = Release;
		};
		C9990F9F1BFCC7CC009EFE13 /* Build configuration list for PBXNativeTarget "WeatherExample" */ = {
			isa = XCConfigurationList;
			buildConfigurations = (
				C9990FA01BFCC7CC009EFE13 /* Debug */,
				C9990FA11BFCC7CC009EFE13 /* Release */,
			);
			defaultConfigurationIsVisible = 0;
		};
/* End XCConfigurationList section */
	};
	rootObject = C9990F801BFCC7CC009EFE13 /* Project object */;
}
