// !$*UTF8*$!
{
	archiveVersion = 1;
	classes = {
	};
	objectVersion = 46;
	objects = {

/* Begin PBXBuildFile section */
		C93B50A11BB52DAA00B24FBD /* main.m in Sources */ = {isa = PBXBuildFile; fileRef = C93B50A01BB52DAA00B24FBD /* main.m */; };
		C93B50A41BB52DAA00B24FBD /* AppDelegate.m in Sources */ = {isa = PBXBuildFile; fileRef = C93B50A31BB52DAA00B24FBD /* AppDelegate.m */; };
		C93B50A71BB52DAA00B24FBD /* ViewController.m in Sources */ = {isa = PBXBuildFile; fileRef = C93B50A61BB52DAA00B24FBD /* ViewController.m */; };
		C93B50AA1BB52DAA00B24FBD /* Main.storyboard in Resources */ = {isa = PBXBuildFile; fileRef = C93B50A81BB52DAA00B24FBD /* Main.storyboard */; };
		C93B50AC1BB52DAA00B24FBD /* Images.xcassets in Resources */ = {isa = PBXBuildFile; fileRef = C93B50AB1BB52DAA00B24FBD /* Images.xcassets */; };
		C93B50AF1BB52DAA00B24FBD /* LaunchScreen.xib in Resources */ = {isa = PBXBuildFile; fileRef = C93B50AD1BB52DAA00B24FBD /* LaunchScreen.xib */; };
		C93B50BB1BB52DAA00B24FBD /* AboutSandBoxTests.m in Sources */ = {isa = PBXBuildFile; fileRef = C93B50BA1BB52DAA00B24FBD /* AboutSandBoxTests.m */; };
/* End PBXBuildFile section */

/* Begin PBXContainerItemProxy section */
		C93B50B51BB52DAA00B24FBD /* PBXContainerItemProxy */ = {
			isa = PBXContainerItemProxy;
			containerPortal = C93B50931BB52DAA00B24FBD /* Project object */;
			proxyType = 1;
			remoteGlobalIDString = C93B509A1BB52DAA00B24FBD;
			remoteInfo = AboutSandBox;
		};
/* End PBXContainerItemProxy section */

/* Begin PBXFileReference section */
		C93B509B1BB52DAA00B24FBD /* AboutSandBox.app */ = {isa = PBXFileReference; explicitFileType = wrapper.application; includeInIndex = 0; path = AboutSandBox.app; sourceTree = BUILT_PRODUCTS_DIR; };
		C93B509F1BB52DAA00B24FBD /* Info.plist */ = {isa = PBXFileReference; lastKnownFileType = text.plist.xml; path = Info.plist; sourceTree = "<group>"; };
		C93B50A01BB52DAA00B24FBD /* main.m */ = {isa = PBXFileReference; lastKnownFileType = sourcecode.c.objc; path = main.m; sourceTree = "<group>"; };
		C93B50A21BB52DAA00B24FBD /* AppDelegate.h */ = {isa = PBXFileReference; lastKnownFileType = sourcecode.c.h; path = AppDelegate.h; sourceTree = "<group>"; };
		C93B50A31BB52DAA00B24FBD /* AppDelegate.m */ = {isa = PBXFileReference; lastKnownFileType = sourcecode.c.objc; path = AppDelegate.m; sourceTree = "<group>"; };
		C93B50A51BB52DAA00B24FBD /* ViewController.h */ = {isa = PBXFileReference; lastKnownFileType = sourcecode.c.h; path = ViewController.h; sourceTree = "<group>"; };
		C93B50A61BB52DAA00B24FBD /* ViewController.m */ = {isa = PBXFileReference; lastKnownFileType = sourcecode.c.objc; path = ViewController.m; sourceTree = "<group>"; };
		C93B50A91BB52DAA00B24FBD /* Base */ = {isa = PBXFileReference; lastKnownFileType = file.storyboard; name = Base; path = Base.lproj/Main.storyboard; sourceTree = "<group>"; };
		C93B50AB1BB52DAA00B24FBD /* Images.xcassets */ = {isa = PBXFileReference; lastKnownFileType = folder.assetcatalog; path = Images.xcassets; sourceTree = "<group>"; };
		C93B50AE1BB52DAA00B24FBD /* Base */ = {isa = PBXFileReference; lastKnownFileType = file.xib; name = Base; path = Base.lproj/LaunchScreen.xib; sourceTree = "<group>"; };
		C93B50B41BB52DAA00B24FBD /* AboutSandBoxTests.xctest */ = {isa = PBXFileReference; explicitFileType = wrapper.cfbundle; includeInIndex = 0; path = AboutSandBoxTests.xctest; sourceTree = BUILT_PRODUCTS_DIR; };
		C93B50B91BB52DAA00B24FBD /* Info.plist */ = {isa = PBXFileReference; lastKnownFileType = text.plist.xml; path = Info.plist; sourceTree = "<group>"; };
		C93B50BA1BB52DAA00B24FBD /* AboutSandBoxTests.m */ = {isa = PBXFileReference; lastKnownFileType = sourcecode.c.objc; path = AboutSandBoxTests.m; sourceTree = "<group>"; };
/* End PBXFileReference section */

/* Begin PBXFrameworksBuildPhase section */
		C93B50981BB52DAA00B24FBD /* Frameworks */ = {
			isa = PBXFrameworksBuildPhase;
			buildActionMask = 2147483647;
			files = (
			);
			runOnlyForDeploymentPostprocessing = 0;
		};
		C93B50B11BB52DAA00B24FBD /* Frameworks */ = {
			isa = PBXFrameworksBuildPhase;
			buildActionMask = 2147483647;
			files = (
			);
			runOnlyForDeploymentPostprocessing = 0;
		};
/* End PBXFrameworksBuildPhase section */

/* Begin PBXGroup section */
		C93B50921BB52DAA00B24FBD = {
			isa = PBXGroup;
			children = (
				C93B509D1BB52DAA00B24FBD /* AboutSandBox */,
				C93B50B71BB52DAA00B24FBD /* AboutSandBoxTests */,
				C93B509C1BB52DAA00B24FBD /* Products */,
			);
			sourceTree = "<group>";
		};
		C93B509C1BB52DAA00B24FBD /* Products */ = {
			isa = PBXGroup;
			children = (
				C93B509B1BB52DAA00B24FBD /* AboutSandBox.app */,
				C93B50B41BB52DAA00B24FBD /* AboutSandBoxTests.xctest */,
			);
			name = Products;
			sourceTree = "<group>";
		};
		C93B509D1BB52DAA00B24FBD /* AboutSandBox */ = {
			isa = PBXGroup;
			children = (
				C93B50A21BB52DAA00B24FBD /* AppDelegate.h */,
				C93B50A31BB52DAA00B24FBD /* AppDelegate.m */,
				C93B50A51BB52DAA00B24FBD /* ViewController.h */,
				C93B50A61BB52DAA00B24FBD /* ViewController.m */,
				C93B50A81BB52DAA00B24FBD /* Main.storyboard */,
				C93B50AB1BB52DAA00B24FBD /* Images.xcassets */,
				C93B50AD1BB52DAA00B24FBD /* LaunchScreen.xib */,
				C93B509E1BB52DAA00B24FBD /* Supporting Files */,
			);
			path = AboutSandBox;
			sourceTree = "<group>";
		};
		C93B509E1BB52DAA00B24FBD /* Supporting Files */ = {
			isa = PBXGroup;
			children = (
				C93B509F1BB52DAA00B24FBD /* Info.plist */,
				C93B50A01BB52DAA00B24FBD /* main.m */,
			);
			name = "Supporting Files";
			sourceTree = "<group>";
		};
		C93B50B71BB52DAA00B24FBD /* AboutSandBoxTests */ = {
			isa = PBXGroup;
			children = (
				C93B50BA1BB52DAA00B24FBD /* AboutSandBoxTests.m */,
				C93B50B81BB52DAA00B24FBD /* Supporting Files */,
			);
			path = AboutSandBoxTests;
			sourceTree = "<group>";
		};
		C93B50B81BB52DAA00B24FBD /* Supporting Files */ = {
			isa = PBXGroup;
			children = (
				C93B50B91BB52DAA00B24FBD /* Info.plist */,
			);
			name = "Supporting Files";
			sourceTree = "<group>";
		};
/* End PBXGroup section */

/* Begin PBXNativeTarget section */
		C93B509A1BB52DAA00B24FBD /* AboutSandBox */ = {
			isa = PBXNativeTarget;
			buildConfigurationList = C93B50BE1BB52DAA00B24FBD /* Build configuration list for PBXNativeTarget "AboutSandBox" */;
			buildPhases = (
				C93B50971BB52DAA00B24FBD /* Sources */,
				C93B50981BB52DAA00B24FBD /* Frameworks */,
				C93B50991BB52DAA00B24FBD /* Resources */,
			);
			buildRules = (
			);
			dependencies = (
			);
			name = AboutSandBox;
			productName = AboutSandBox;
			productReference = C93B509B1BB52DAA00B24FBD /* AboutSandBox.app */;
			productType = "com.apple.product-type.application";
		};
		C93B50B31BB52DAA00B24FBD /* AboutSandBoxTests */ = {
			isa = PBXNativeTarget;
			buildConfigurationList = C93B50C11BB52DAA00B24FBD /* Build configuration list for PBXNativeTarget "AboutSandBoxTests" */;
			buildPhases = (
				C93B50B01BB52DAA00B24FBD /* Sources */,
				C93B50B11BB52DAA00B24FBD /* Frameworks */,
				C93B50B21BB52DAA00B24FBD /* Resources */,
			);
			buildRules = (
			);
			dependencies = (
				C93B50B61BB52DAA00B24FBD /* PBXTargetDependency */,
			);
			name = AboutSandBoxTests;
			productName = AboutSandBoxTests;
			productReference = C93B50B41BB52DAA00B24FBD /* AboutSandBoxTests.xctest */;
			productType = "com.apple.product-type.bundle.unit-test";
		};
/* End PBXNativeTarget section */

/* Begin PBXProject section */
		C93B50931BB52DAA00B24FBD /* Project object */ = {
			isa = PBXProject;
			attributes = {
				LastUpgradeCheck = 0600;
				ORGANIZATIONNAME = "___CASH___";
				TargetAttributes = {
					C93B509A1BB52DAA00B24FBD = {
						CreatedOnToolsVersion = 6.0.1;
					};
					C93B50B31BB52DAA00B24FBD = {
						CreatedOnToolsVersion = 6.0.1;
						TestTargetID = C93B509A1BB52DAA00B24FBD;
					};
				};
			};
			buildConfigurationList = C93B50961BB52DAA00B24FBD /* Build configuration list for PBXProject "AboutSandBox" */;
			compatibilityVersion = "Xcode 3.2";
			developmentRegion = English;
			hasScannedForEncodings = 0;
			knownRegions = (
				en,
				Base,
			);
			mainGroup = C93B50921BB52DAA00B24FBD;
			productRefGroup = C93B509C1BB52DAA00B24FBD /* Products */;
			projectDirPath = "";
			projectRoot = "";
			targets = (
				C93B509A1BB52DAA00B24FBD /* AboutSandBox */,
				C93B50B31BB52DAA00B24FBD /* AboutSandBoxTests */,
			);
		};
/* End PBXProject section */

/* Begin PBXResourcesBuildPhase section */
		C93B50991BB52DAA00B24FBD /* Resources */ = {
			isa = PBXResourcesBuildPhase;
			buildActionMask = 2147483647;
			files = (
				C93B50AA1BB52DAA00B24FBD /* Main.storyboard in Resources */,
				C93B50AF1BB52DAA00B24FBD /* LaunchScreen.xib in Resources */,
				C93B50AC1BB52DAA00B24FBD /* Images.xcassets in Resources */,
			);
			runOnlyForDeploymentPostprocessing = 0;
		};
		C93B50B21BB52DAA00B24FBD /* Resources */ = {
			isa = PBXResourcesBuildPhase;
			buildActionMask = 2147483647;
			files = (
			);
			runOnlyForDeploymentPostprocessing = 0;
		};
/* End PBXResourcesBuildPhase section */

/* Begin PBXSourcesBuildPhase section */
		C93B50971BB52DAA00B24FBD /* Sources */ = {
			isa = PBXSourcesBuildPhase;
			buildActionMask = 2147483647;
			files = (
				C93B50A71BB52DAA00B24FBD /* ViewController.m in Sources */,
				C93B50A41BB52DAA00B24FBD /* AppDelegate.m in Sources */,
				C93B50A11BB52DAA00B24FBD /* main.m in Sources */,
			);
			runOnlyForDeploymentPostprocessing = 0;
		};
		C93B50B01BB52DAA00B24FBD /* Sources */ = {
			isa = PBXSourcesBuildPhase;
			buildActionMask = 2147483647;
			files = (
				C93B50BB1BB52DAA00B24FBD /* AboutSandBoxTests.m in Sources */,
			);
			runOnlyForDeploymentPostprocessing = 0;
		};
/* End PBXSourcesBuildPhase section */

/* Begin PBXTargetDependency section */
		C93B50B61BB52DAA00B24FBD /* PBXTargetDependency */ = {
			isa = PBXTargetDependency;
			target = C93B509A1BB52DAA00B24FBD /* AboutSandBox */;
			targetProxy = C93B50B51BB52DAA00B24FBD /* PBXContainerItemProxy */;
		};
/* End PBXTargetDependency section */

/* Begin PBXVariantGroup section */
		C93B50A81BB52DAA00B24FBD /* Main.storyboard */ = {
			isa = PBXVariantGroup;
			children = (
				C93B50A91BB52DAA00B24FBD /* Base */,
			);
			name = Main.storyboard;
			sourceTree = "<group>";
		};
		C93B50AD1BB52DAA00B24FBD /* LaunchScreen.xib */ = {
			isa = PBXVariantGroup;
			children = (
				C93B50AE1BB52DAA00B24FBD /* Base */,
			);
			name = LaunchScreen.xib;
			sourceTree = "<group>";
		};
/* End PBXVariantGroup section */

/* Begin XCBuildConfiguration section */
		C93B50BC1BB52DAA00B24FBD /* Debug */ = {
			isa = XCBuildConfiguration;
			buildSettings = {
				ALWAYS_SEARCH_USER_PATHS = NO;
				CLANG_CXX_LANGUAGE_STANDARD = "gnu++0x";
				CLANG_CXX_LIBRARY = "libc++";
				CLANG_ENABLE_MODULES = YES;
				CLANG_ENABLE_OBJC_ARC = YES;
				CLANG_WARN_BOOL_CONVERSION = YES;
				CLANG_WARN_CONSTANT_CONVERSION = YES;
				CLANG_WARN_DIRECT_OBJC_ISA_USAGE = YES_ERROR;
				CLANG_WARN_EMPTY_BODY = YES;
				CLANG_WARN_ENUM_CONVERSION = YES;
				CLANG_WARN_INT_CONVERSION = YES;
				CLANG_WARN_OBJC_ROOT_CLASS = YES_ERROR;
				CLANG_WARN_UNREACHABLE_CODE = YES;
				CLANG_WARN__DUPLICATE_METHOD_MATCH = YES;
				"CODE_SIGN_IDENTITY[sdk=iphoneos*]" = "iPhone Developer";
				COPY_PHASE_STRIP = NO;
				ENABLE_STRICT_OBJC_MSGSEND = YES;
				GCC_C_LANGUAGE_STANDARD = gnu99;
				GCC_DYNAMIC_NO_PIC = NO;
				GCC_OPTIMIZATION_LEVEL = 0;
				GCC_PREPROCESSOR_DEFINITIONS = (
					"DEBUG=1",
					"$(inherited)",
				);
				GCC_SYMBOLS_PRIVATE_EXTERN = NO;
				GCC_WARN_64_TO_32_BIT_CONVERSION = YES;
				GCC_WARN_ABOUT_RETURN_TYPE = YES_ERROR;
				GCC_WARN_UNDECLARED_SELECTOR = YES;
				GCC_WARN_UNINITIALIZED_AUTOS = YES_AGGRESSIVE;
				GCC_WARN_UNUSED_FUNCTION = YES;
				GCC_WARN_UNUSED_VARIABLE = YES;
				IPHONEOS_DEPLOYMENT_TARGET = 8.0;
				MTL_ENABLE_DEBUG_INFO = YES;
				ONLY_ACTIVE_ARCH = YES;
				SDKROOT = iphoneos;
			};
			name = Debug;
		};
		C93B50BD1BB52DAA00B24FBD /* Release */ = {
			isa = XCBuildConfiguration;
			buildSettings = {
				ALWAYS_SEARCH_USER_PATHS = NO;
				CLANG_CXX_LANGUAGE_STANDARD = "gnu++0x";
				CLANG_CXX_LIBRARY = "libc++";
				CLANG_ENABLE_MODULES = YES;
				CLANG_ENABLE_OBJC_ARC = YES;
				CLANG_WARN_BOOL_CONVERSION = YES;
				CLANG_WARN_CONSTANT_CONVERSION = YES;
				CLANG_WARN_DIRECT_OBJC_ISA_USAGE = YES_ERROR;
				CLANG_WARN_EMPTY_BODY = YES;
				CLANG_WARN_ENUM_CONVERSION = YES;
				CLANG_WARN_INT_CONVERSION = YES;
				CLANG_WARN_OBJC_ROOT_CLASS = YES_ERROR;
				CLANG_WARN_UNREACHABLE_CODE = YES;
				CLANG_WARN__DUPLICATE_METHOD_MATCH = YES;
				"CODE_SIGN_IDENTITY[sdk=iphoneos*]" = "iPhone Developer";
				COPY_PHASE_STRIP = YES;
				ENABLE_NS_ASSERTIONS = NO;
				ENABLE_STRICT_OBJC_MSGSEND = YES;
				GCC_C_LANGUAGE_STANDARD = gnu99;
				GCC_WARN_64_TO_32_BIT_CONVERSION = YES;
				GCC_WARN_ABOUT_RETURN_TYPE = YES_ERROR;
				GCC_WARN_UNDECLARED_SELECTOR = YES;
				GCC_WARN_UNINITIALIZED_AUTOS = YES_AGGRESSIVE;
				GCC_WARN_UNUSED_FUNCTION = YES;
				GCC_WARN_UNUSED_VARIABLE = YES;
				IPHONEOS_DEPLOYMENT_TARGET = 8.0;
				MTL_ENABLE_DEBUG_INFO = NO;
				SDKROOT = iphoneos;
				VALIDATE_PRODUCT = YES;
			};
			name = Release;
		};
		C93B50BF1BB52DAA00B24FBD /* Debug */ = {
			isa = XCBuildConfiguration;
			buildSettings = {
				ASSETCATALOG_COMPILER_APPICON_NAME = AppIcon;
				INFOPLIST_FILE = AboutSandBox/Info.plist;
				LD_RUNPATH_SEARCH_PATHS = "$(inherited) @executable_path/Frameworks";
				PRODUCT_NAME = "$(TARGET_NAME)";
			};
			name = Debug;
		};
		C93B50C01BB52DAA00B24FBD /* Release */ = {
			isa = XCBuildConfiguration;
			buildSettings = {
				ASSETCATALOG_COMPILER_APPICON_NAME = AppIcon;
				INFOPLIST_FILE = AboutSandBox/Info.plist;
				LD_RUNPATH_SEARCH_PATHS = "$(inherited) @executable_path/Frameworks";
				PRODUCT_NAME = "$(TARGET_NAME)";
			};
			name = Release;
		};
		C93B50C21BB52DAA00B24FBD /* Debug */ = {
			isa = XCBuildConfiguration;
			buildSettings = {
				BUNDLE_LOADER = "$(TEST_HOST)";
				FRAMEWORK_SEARCH_PATHS = (
					"$(SDKROOT)/Developer/Library/Frameworks",
					"$(inherited)",
				);
				GCC_PREPROCESSOR_DEFINITIONS = (
					"DEBUG=1",
					"$(inherited)",
				);
				INFOPLIST_FILE = AboutSandBoxTests/Info.plist;
				LD_RUNPATH_SEARCH_PATHS = "$(inherited) @executable_path/Frameworks @loader_path/Frameworks";
				PRODUCT_NAME = "$(TARGET_NAME)";
				TEST_HOST = "$(BUILT_PRODUCTS_DIR)/AboutSandBox.app/AboutSandBox";
			};
			name = Debug;
		};
		C93B50C31BB52DAA00B24FBD /* Release */ = {
			isa = XCBuildConfiguration;
			buildSettings = {
				BUNDLE_LOADER = "$(TEST_HOST)";
				FRAMEWORK_SEARCH_PATHS = (
					"$(SDKROOT)/Developer/Library/Frameworks",
					"$(inherited)",
				);
				INFOPLIST_FILE = AboutSandBoxTests/Info.plist;
				LD_RUNPATH_SEARCH_PATHS = "$(inherited) @executable_path/Frameworks @loader_path/Frameworks";
				PRODUCT_NAME = "$(TARGET_NAME)";
				TEST_HOST = "$(BUILT_PRODUCTS_DIR)/AboutSandBox.app/AboutSandBox";
			};
			name = Release;
		};
/* End XCBuildConfiguration section */

/* Begin XCConfigurationList section */
		C93B50961BB52DAA00B24FBD /* Build configuration list for PBXProject "AboutSandBox" */ = {
			isa = XCConfigurationList;
			buildConfigurations = (
				C93B50BC1BB52DAA00B24FBD /* Debug */,
				C93B50BD1BB52DAA00B24FBD /* Release */,
			);
			defaultConfigurationIsVisible = 0;
			defaultConfigurationName = Release;
		};
		C93B50BE1BB52DAA00B24FBD /* Build configuration list for PBXNativeTarget "AboutSandBox" */ = {
			isa = XCConfigurationList;
			buildConfigurations = (
				C93B50BF1BB52DAA00B24FBD /* Debug */,
				C93B50C01BB52DAA00B24FBD /* Release */,
			);
			defaultConfigurationIsVisible = 0;
		};
		C93B50C11BB52DAA00B24FBD /* Build configuration list for PBXNativeTarget "AboutSandBoxTests" */ = {
			isa = XCConfigurationList;
			buildConfigurations = (
				C93B50C21BB52DAA00B24FBD /* Debug */,
				C93B50C31BB52DAA00B24FBD /* Release */,
			);
			defaultConfigurationIsVisible = 0;
		};
/* End XCConfigurationList section */
	};
	rootObject = C93B50931BB52DAA00B24FBD /* Project object */;
}
