// !$*UTF8*$!
{
	archiveVersion = 1;
	classes = {
	};
	objectVersion = 46;
	objects = {

/* Begin PBXBuildFile section */
		C9AA82CB1BA028B00044DEE3 /* main.m in Sources */ = {isa = PBXBuildFile; fileRef = C9AA82CA1BA028B00044DEE3 /* main.m */; };
		C9AA82CE1BA028B00044DEE3 /* AppDelegate.m in Sources */ = {isa = PBXBuildFile; fileRef = C9AA82CD1BA028B00044DEE3 /* AppDelegate.m */; };
		C9AA82D11BA028B00044DEE3 /* ViewController.m in Sources */ = {isa = PBXBuildFile; fileRef = C9AA82D01BA028B00044DEE3 /* ViewController.m */; };
		C9AA82D41BA028B00044DEE3 /* Main.storyboard in Resources */ = {isa = PBXBuildFile; fileRef = C9AA82D21BA028B00044DEE3 /* Main.storyboard */; };
		C9AA82D61BA028B00044DEE3 /* Images.xcassets in Resources */ = {isa = PBXBuildFile; fileRef = C9AA82D51BA028B00044DEE3 /* Images.xcassets */; };
		C9AA82D91BA028B00044DEE3 /* LaunchScreen.xib in Resources */ = {isa = PBXBuildFile; fileRef = C9AA82D71BA028B00044DEE3 /* LaunchScreen.xib */; };
		C9AA82E51BA028B00044DEE3 /* WeiboDemoTests.m in Sources */ = {isa = PBXBuildFile; fileRef = C9AA82E41BA028B00044DEE3 /* WeiboDemoTests.m */; };
/* End PBXBuildFile section */

/* Begin PBXContainerItemProxy section */
		C9AA82DF1BA028B00044DEE3 /* PBXContainerItemProxy */ = {
			isa = PBXContainerItemProxy;
			containerPortal = C9AA82BD1BA028B00044DEE3 /* Project object */;
			proxyType = 1;
			remoteGlobalIDString = C9AA82C41BA028B00044DEE3;
			remoteInfo = WeiboDemo;
		};
/* End PBXContainerItemProxy section */

/* Begin PBXFileReference section */
		C9AA82C51BA028B00044DEE3 /* WeiboDemo.app */ = {isa = PBXFileReference; explicitFileType = wrapper.application; includeInIndex = 0; path = WeiboDemo.app; sourceTree = BUILT_PRODUCTS_DIR; };
		C9AA82C91BA028B00044DEE3 /* Info.plist */ = {isa = PBXFileReference; lastKnownFileType = text.plist.xml; path = Info.plist; sourceTree = "<group>"; };
		C9AA82CA1BA028B00044DEE3 /* main.m */ = {isa = PBXFileReference; lastKnownFileType = sourcecode.c.objc; path = main.m; sourceTree = "<group>"; };
		C9AA82CC1BA028B00044DEE3 /* AppDelegate.h */ = {isa = PBXFileReference; lastKnownFileType = sourcecode.c.h; path = AppDelegate.h; sourceTree = "<group>"; };
		C9AA82CD1BA028B00044DEE3 /* AppDelegate.m */ = {isa = PBXFileReference; lastKnownFileType = sourcecode.c.objc; path = AppDelegate.m; sourceTree = "<group>"; };
		C9AA82CF1BA028B00044DEE3 /* ViewController.h */ = {isa = PBXFileReference; lastKnownFileType = sourcecode.c.h; path = ViewController.h; sourceTree = "<group>"; };
		C9AA82D01BA028B00044DEE3 /* ViewController.m */ = {isa = PBXFileReference; lastKnownFileType = sourcecode.c.objc; path = ViewController.m; sourceTree = "<group>"; };
		C9AA82D31BA028B00044DEE3 /* Base */ = {isa = PBXFileReference; lastKnownFileType = file.storyboard; name = Base; path = Base.lproj/Main.storyboard; sourceTree = "<group>"; };
		C9AA82D51BA028B00044DEE3 /* Images.xcassets */ = {isa = PBXFileReference; lastKnownFileType = folder.assetcatalog; path = Images.xcassets; sourceTree = "<group>"; };
		C9AA82D81BA028B00044DEE3 /* Base */ = {isa = PBXFileReference; lastKnownFileType = file.xib; name = Base; path = Base.lproj/LaunchScreen.xib; sourceTree = "<group>"; };
		C9AA82DE1BA028B00044DEE3 /* WeiboDemoTests.xctest */ = {isa = PBXFileReference; explicitFileType = wrapper.cfbundle; includeInIndex = 0; path = WeiboDemoTests.xctest; sourceTree = BUILT_PRODUCTS_DIR; };
		C9AA82E31BA028B00044DEE3 /* Info.plist */ = {isa = PBXFileReference; lastKnownFileType = text.plist.xml; path = Info.plist; sourceTree = "<group>"; };
		C9AA82E41BA028B00044DEE3 /* WeiboDemoTests.m */ = {isa = PBXFileReference; lastKnownFileType = sourcecode.c.objc; path = WeiboDemoTests.m; sourceTree = "<group>"; };
/* End PBXFileReference section */

/* Begin PBXFrameworksBuildPhase section */
		C9AA82C21BA028B00044DEE3 /* Frameworks */ = {
			isa = PBXFrameworksBuildPhase;
			buildActionMask = 2147483647;
			files = (
			);
			runOnlyForDeploymentPostprocessing = 0;
		};
		C9AA82DB1BA028B00044DEE3 /* Frameworks */ = {
			isa = PBXFrameworksBuildPhase;
			buildActionMask = 2147483647;
			files = (
			);
			runOnlyForDeploymentPostprocessing = 0;
		};
/* End PBXFrameworksBuildPhase section */

/* Begin PBXGroup section */
		C9AA82BC1BA028B00044DEE3 = {
			isa = PBXGroup;
			children = (
				C9AA82C71BA028B00044DEE3 /* WeiboDemo */,
				C9AA82E11BA028B00044DEE3 /* WeiboDemoTests */,
				C9AA82C61BA028B00044DEE3 /* Products */,
			);
			sourceTree = "<group>";
		};
		C9AA82C61BA028B00044DEE3 /* Products */ = {
			isa = PBXGroup;
			children = (
				C9AA82C51BA028B00044DEE3 /* WeiboDemo.app */,
				C9AA82DE1BA028B00044DEE3 /* WeiboDemoTests.xctest */,
			);
			name = Products;
			sourceTree = "<group>";
		};
		C9AA82C71BA028B00044DEE3 /* WeiboDemo */ = {
			isa = PBXGroup;
			children = (
				C9AA82CC1BA028B00044DEE3 /* AppDelegate.h */,
				C9AA82CD1BA028B00044DEE3 /* AppDelegate.m */,
				C9AA82CF1BA028B00044DEE3 /* ViewController.h */,
				C9AA82D01BA028B00044DEE3 /* ViewController.m */,
				C9AA82D21BA028B00044DEE3 /* Main.storyboard */,
				C9AA82D51BA028B00044DEE3 /* Images.xcassets */,
				C9AA82D71BA028B00044DEE3 /* LaunchScreen.xib */,
				C9AA82C81BA028B00044DEE3 /* Supporting Files */,
			);
			path = WeiboDemo;
			sourceTree = "<group>";
		};
		C9AA82C81BA028B00044DEE3 /* Supporting Files */ = {
			isa = PBXGroup;
			children = (
				C9AA82C91BA028B00044DEE3 /* Info.plist */,
				C9AA82CA1BA028B00044DEE3 /* main.m */,
			);
			name = "Supporting Files";
			sourceTree = "<group>";
		};
		C9AA82E11BA028B00044DEE3 /* WeiboDemoTests */ = {
			isa = PBXGroup;
			children = (
				C9AA82E41BA028B00044DEE3 /* WeiboDemoTests.m */,
				C9AA82E21BA028B00044DEE3 /* Supporting Files */,
			);
			path = WeiboDemoTests;
			sourceTree = "<group>";
		};
		C9AA82E21BA028B00044DEE3 /* Supporting Files */ = {
			isa = PBXGroup;
			children = (
				C9AA82E31BA028B00044DEE3 /* Info.plist */,
			);
			name = "Supporting Files";
			sourceTree = "<group>";
		};
/* End PBXGroup section */

/* Begin PBXNativeTarget section */
		C9AA82C41BA028B00044DEE3 /* WeiboDemo */ = {
			isa = PBXNativeTarget;
			buildConfigurationList = C9AA82E81BA028B00044DEE3 /* Build configuration list for PBXNativeTarget "WeiboDemo" */;
			buildPhases = (
				C9AA82C11BA028B00044DEE3 /* Sources */,
				C9AA82C21BA028B00044DEE3 /* Frameworks */,
				C9AA82C31BA028B00044DEE3 /* Resources */,
			);
			buildRules = (
			);
			dependencies = (
			);
			name = WeiboDemo;
			productName = WeiboDemo;
			productReference = C9AA82C51BA028B00044DEE3 /* WeiboDemo.app */;
			productType = "com.apple.product-type.application";
		};
		C9AA82DD1BA028B00044DEE3 /* WeiboDemoTests */ = {
			isa = PBXNativeTarget;
			buildConfigurationList = C9AA82EB1BA028B00044DEE3 /* Build configuration list for PBXNativeTarget "WeiboDemoTests" */;
			buildPhases = (
				C9AA82DA1BA028B00044DEE3 /* Sources */,
				C9AA82DB1BA028B00044DEE3 /* Frameworks */,
				C9AA82DC1BA028B00044DEE3 /* Resources */,
			);
			buildRules = (
			);
			dependencies = (
				C9AA82E01BA028B00044DEE3 /* PBXTargetDependency */,
			);
			name = WeiboDemoTests;
			productName = WeiboDemoTests;
			productReference = C9AA82DE1BA028B00044DEE3 /* WeiboDemoTests.xctest */;
			productType = "com.apple.product-type.bundle.unit-test";
		};
/* End PBXNativeTarget section */

/* Begin PBXProject section */
		C9AA82BD1BA028B00044DEE3 /* Project object */ = {
			isa = PBXProject;
			attributes = {
				LastUpgradeCheck = 0600;
				ORGANIZATIONNAME = "___CASH___";
				TargetAttributes = {
					C9AA82C41BA028B00044DEE3 = {
						CreatedOnToolsVersion = 6.0.1;
					};
					C9AA82DD1BA028B00044DEE3 = {
						CreatedOnToolsVersion = 6.0.1;
						TestTargetID = C9AA82C41BA028B00044DEE3;
					};
				};
			};
			buildConfigurationList = C9AA82C01BA028B00044DEE3 /* Build configuration list for PBXProject "WeiboDemo" */;
			compatibilityVersion = "Xcode 3.2";
			developmentRegion = English;
			hasScannedForEncodings = 0;
			knownRegions = (
				en,
				Base,
			);
			mainGroup = C9AA82BC1BA028B00044DEE3;
			productRefGroup = C9AA82C61BA028B00044DEE3 /* Products */;
			projectDirPath = "";
			projectRoot = "";
			targets = (
				C9AA82C41BA028B00044DEE3 /* WeiboDemo */,
				C9AA82DD1BA028B00044DEE3 /* WeiboDemoTests */,
			);
		};
/* End PBXProject section */

/* Begin PBXResourcesBuildPhase section */
		C9AA82C31BA028B00044DEE3 /* Resources */ = {
			isa = PBXResourcesBuildPhase;
			buildActionMask = 2147483647;
			files = (
				C9AA82D41BA028B00044DEE3 /* Main.storyboard in Resources */,
				C9AA82D91BA028B00044DEE3 /* LaunchScreen.xib in Resources */,
				C9AA82D61BA028B00044DEE3 /* Images.xcassets in Resources */,
			);
			runOnlyForDeploymentPostprocessing = 0;
		};
		C9AA82DC1BA028B00044DEE3 /* Resources */ = {
			isa = PBXResourcesBuildPhase;
			buildActionMask = 2147483647;
			files = (
			);
			runOnlyForDeploymentPostprocessing = 0;
		};
/* End PBXResourcesBuildPhase section */

/* Begin PBXSourcesBuildPhase section */
		C9AA82C11BA028B00044DEE3 /* Sources */ = {
			isa = PBXSourcesBuildPhase;
			buildActionMask = 2147483647;
			files = (
				C9AA82D11BA028B00044DEE3 /* ViewController.m in Sources */,
				C9AA82CE1BA028B00044DEE3 /* AppDelegate.m in Sources */,
				C9AA82CB1BA028B00044DEE3 /* main.m in Sources */,
			);
			runOnlyForDeploymentPostprocessing = 0;
		};
		C9AA82DA1BA028B00044DEE3 /* Sources */ = {
			isa = PBXSourcesBuildPhase;
			buildActionMask = 2147483647;
			files = (
				C9AA82E51BA028B00044DEE3 /* WeiboDemoTests.m in Sources */,
			);
			runOnlyForDeploymentPostprocessing = 0;
		};
/* End PBXSourcesBuildPhase section */

/* Begin PBXTargetDependency section */
		C9AA82E01BA028B00044DEE3 /* PBXTargetDependency */ = {
			isa = PBXTargetDependency;
			target = C9AA82C41BA028B00044DEE3 /* WeiboDemo */;
			targetProxy = C9AA82DF1BA028B00044DEE3 /* PBXContainerItemProxy */;
		};
/* End PBXTargetDependency section */

/* Begin PBXVariantGroup section */
		C9AA82D21BA028B00044DEE3 /* Main.storyboard */ = {
			isa = PBXVariantGroup;
			children = (
				C9AA82D31BA028B00044DEE3 /* Base */,
			);
			name = Main.storyboard;
			sourceTree = "<group>";
		};
		C9AA82D71BA028B00044DEE3 /* LaunchScreen.xib */ = {
			isa = PBXVariantGroup;
			children = (
				C9AA82D81BA028B00044DEE3 /* Base */,
			);
			name = LaunchScreen.xib;
			sourceTree = "<group>";
		};
/* End PBXVariantGroup section */

/* Begin XCBuildConfiguration section */
		C9AA82E61BA028B00044DEE3 /* Debug */ = {
			isa = XCBuildConfiguration;
			buildSettings = {
				ALWAYS_SEARCH_USER_PATHS = NO;
				CLANG_CXX_LANGUAGE_STANDARD = "gnu++0x";
				CLANG_CXX_LIBRARY = "libc++";
				CLANG_ENABLE_MODULES = YES;
				CLANG_ENABLE_OBJC_ARC = YES;
				CLANG_WARN_BOOL_CONVERSION = YES;
				CLANG_WARN_CONSTANT_CONVERSION = YES;
				CLANG_WARN_DIRECT_OBJC_ISA_USAGE = YES_ERROR;
				CLANG_WARN_EMPTY_BODY = YES;
				CLANG_WARN_ENUM_CONVERSION = YES;
				CLANG_WARN_INT_CONVERSION = YES;
				CLANG_WARN_OBJC_ROOT_CLASS = YES_ERROR;
				CLANG_WARN_UNREACHABLE_CODE = YES;
				CLANG_WARN__DUPLICATE_METHOD_MATCH = YES;
				"CODE_SIGN_IDENTITY[sdk=iphoneos*]" = "iPhone Developer";
				COPY_PHASE_STRIP = NO;
				ENABLE_STRICT_OBJC_MSGSEND = YES;
				GCC_C_LANGUAGE_STANDARD = gnu99;
				GCC_DYNAMIC_NO_PIC = NO;
				GCC_OPTIMIZATION_LEVEL = 0;
				GCC_PREPROCESSOR_DEFINITIONS = (
					"DEBUG=1",
					"$(inherited)",
				);
				GCC_SYMBOLS_PRIVATE_EXTERN = NO;
				GCC_WARN_64_TO_32_BIT_CONVERSION = YES;
				GCC_WARN_ABOUT_RETURN_TYPE = YES_ERROR;
				GCC_WARN_UNDECLARED_SELECTOR = YES;
				GCC_WARN_UNINITIALIZED_AUTOS = YES_AGGRESSIVE;
				GCC_WARN_UNUSED_FUNCTION = YES;
				GCC_WARN_UNUSED_VARIABLE = YES;
				IPHONEOS_DEPLOYMENT_TARGET = 8.0;
				MTL_ENABLE_DEBUG_INFO = YES;
				ONLY_ACTIVE_ARCH = YES;
				SDKROOT = iphoneos;
			};
			name = Debug;
		};
		C9AA82E71BA028B00044DEE3 /* Release */ = {
			isa = XCBuildConfiguration;
			buildSettings = {
				ALWAYS_SEARCH_USER_PATHS = NO;
				CLANG_CXX_LANGUAGE_STANDARD = "gnu++0x";
				CLANG_CXX_LIBRARY = "libc++";
				CLANG_ENABLE_MODULES = YES;
				CLANG_ENABLE_OBJC_ARC = YES;
				CLANG_WARN_BOOL_CONVERSION = YES;
				CLANG_WARN_CONSTANT_CONVERSION = YES;
				CLANG_WARN_DIRECT_OBJC_ISA_USAGE = YES_ERROR;
				CLANG_WARN_EMPTY_BODY = YES;
				CLANG_WARN_ENUM_CONVERSION = YES;
				CLANG_WARN_INT_CONVERSION = YES;
				CLANG_WARN_OBJC_ROOT_CLASS = YES_ERROR;
				CLANG_WARN_UNREACHABLE_CODE = YES;
				CLANG_WARN__DUPLICATE_METHOD_MATCH = YES;
				"CODE_SIGN_IDENTITY[sdk=iphoneos*]" = "iPhone Developer";
				COPY_PHASE_STRIP = YES;
				ENABLE_NS_ASSERTIONS = NO;
				ENABLE_STRICT_OBJC_MSGSEND = YES;
				GCC_C_LANGUAGE_STANDARD = gnu99;
				GCC_WARN_64_TO_32_BIT_CONVERSION = YES;
				GCC_WARN_ABOUT_RETURN_TYPE = YES_ERROR;
				GCC_WARN_UNDECLARED_SELECTOR = YES;
				GCC_WARN_UNINITIALIZED_AUTOS = YES_AGGRESSIVE;
				GCC_WARN_UNUSED_FUNCTION = YES;
				GCC_WARN_UNUSED_VARIABLE = YES;
				IPHONEOS_DEPLOYMENT_TARGET = 8.0;
				MTL_ENABLE_DEBUG_INFO = NO;
				SDKROOT = iphoneos;
				VALIDATE_PRODUCT = YES;
			};
			name = Release;
		};
		C9AA82E91BA028B00044DEE3 /* Debug */ = {
			isa = XCBuildConfiguration;
			buildSettings = {
				ASSETCATALOG_COMPILER_APPICON_NAME = AppIcon;
				INFOPLIST_FILE = WeiboDemo/Info.plist;
				LD_RUNPATH_SEARCH_PATHS = "$(inherited) @executable_path/Frameworks";
				PRODUCT_NAME = "$(TARGET_NAME)";
			};
			name = Debug;
		};
		C9AA82EA1BA028B00044DEE3 /* Release */ = {
			isa = XCBuildConfiguration;
			buildSettings = {
				ASSETCATALOG_COMPILER_APPICON_NAME = AppIcon;
				INFOPLIST_FILE = WeiboDemo/Info.plist;
				LD_RUNPATH_SEARCH_PATHS = "$(inherited) @executable_path/Frameworks";
				PRODUCT_NAME = "$(TARGET_NAME)";
			};
			name = Release;
		};
		C9AA82EC1BA028B00044DEE3 /* Debug */ = {
			isa = XCBuildConfiguration;
			buildSettings = {
				BUNDLE_LOADER = "$(TEST_HOST)";
				FRAMEWORK_SEARCH_PATHS = (
					"$(SDKROOT)/Developer/Library/Frameworks",
					"$(inherited)",
				);
				GCC_PREPROCESSOR_DEFINITIONS = (
					"DEBUG=1",
					"$(inherited)",
				);
				INFOPLIST_FILE = WeiboDemoTests/Info.plist;
				LD_RUNPATH_SEARCH_PATHS = "$(inherited) @executable_path/Frameworks @loader_path/Frameworks";
				PRODUCT_NAME = "$(TARGET_NAME)";
				TEST_HOST = "$(BUILT_PRODUCTS_DIR)/WeiboDemo.app/WeiboDemo";
			};
			name = Debug;
		};
		C9AA82ED1BA028B00044DEE3 /* Release */ = {
			isa = XCBuildConfiguration;
			buildSettings = {
				BUNDLE_LOADER = "$(TEST_HOST)";
				FRAMEWORK_SEARCH_PATHS = (
					"$(SDKROOT)/Developer/Library/Frameworks",
					"$(inherited)",
				);
				INFOPLIST_FILE = WeiboDemoTests/Info.plist;
				LD_RUNPATH_SEARCH_PATHS = "$(inherited) @executable_path/Frameworks @loader_path/Frameworks";
				PRODUCT_NAME = "$(TARGET_NAME)";
				TEST_HOST = "$(BUILT_PRODUCTS_DIR)/WeiboDemo.app/WeiboDemo";
			};
			name = Release;
		};
/* End XCBuildConfiguration section */

/* Begin XCConfigurationList section */
		C9AA82C01BA028B00044DEE3 /* Build configuration list for PBXProject "WeiboDemo" */ = {
			isa = XCConfigurationList;
			buildConfigurations = (
				C9AA82E61BA028B00044DEE3 /* Debug */,
				C9AA82E71BA028B00044DEE3 /* Release */,
			);
			defaultConfigurationIsVisible = 0;
			defaultConfigurationName = Release;
		};
		C9AA82E81BA028B00044DEE3 /* Build configuration list for PBXNativeTarget "WeiboDemo" */ = {
			isa = XCConfigurationList;
			buildConfigurations = (
				C9AA82E91BA028B00044DEE3 /* Debug */,
				C9AA82EA1BA028B00044DEE3 /* Release */,
			);
			defaultConfigurationIsVisible = 0;
		};
		C9AA82EB1BA028B00044DEE3 /* Build configuration list for PBXNativeTarget "WeiboDemoTests" */ = {
			isa = XCConfigurationList;
			buildConfigurations = (
				C9AA82EC1BA028B00044DEE3 /* Debug */,
				C9AA82ED1BA028B00044DEE3 /* Release */,
			);
			defaultConfigurationIsVisible = 0;
		};
/* End XCConfigurationList section */
	};
	rootObject = C9AA82BD1BA028B00044DEE3 /* Project object */;
}
