// !$*UTF8*$!
{
	archiveVersion = 1;
	classes = {
	};
	objectVersion = 46;
	objects = {

/* Begin PBXBuildFile section */
		C9A852B51B9FC565006F34B1 /* main.m in Sources */ = {isa = PBXBuildFile; fileRef = C9A852B41B9FC565006F34B1 /* main.m */; };
		C9A852B81B9FC565006F34B1 /* AppDelegate.m in Sources */ = {isa = PBXBuildFile; fileRef = C9A852B71B9FC565006F34B1 /* AppDelegate.m */; };
		C9A852BB1B9FC565006F34B1 /* ViewController.m in Sources */ = {isa = PBXBuildFile; fileRef = C9A852BA1B9FC565006F34B1 /* ViewController.m */; };
		C9A852BE1B9FC565006F34B1 /* Main.storyboard in Resources */ = {isa = PBXBuildFile; fileRef = C9A852BC1B9FC565006F34B1 /* Main.storyboard */; };
		C9A852C01B9FC565006F34B1 /* Images.xcassets in Resources */ = {isa = PBXBuildFile; fileRef = C9A852BF1B9FC565006F34B1 /* Images.xcassets */; };
		C9A852C31B9FC565006F34B1 /* LaunchScreen.xib in Resources */ = {isa = PBXBuildFile; fileRef = C9A852C11B9FC565006F34B1 /* LaunchScreen.xib */; };
		C9A852CF1B9FC565006F34B1 /* NSUserDefaultsDemoTests.m in Sources */ = {isa = PBXBuildFile; fileRef = C9A852CE1B9FC565006F34B1 /* NSUserDefaultsDemoTests.m */; };
/* End PBXBuildFile section */

/* Begin PBXContainerItemProxy section */
		C9A852C91B9FC565006F34B1 /* PBXContainerItemProxy */ = {
			isa = PBXContainerItemProxy;
			containerPortal = C9A852A71B9FC564006F34B1 /* Project object */;
			proxyType = 1;
			remoteGlobalIDString = C9A852AE1B9FC564006F34B1;
			remoteInfo = NSUserDefaultsDemo;
		};
/* End PBXContainerItemProxy section */

/* Begin PBXFileReference section */
		C9A852AF1B9FC564006F34B1 /* NSUserDefaultsDemo.app */ = {isa = PBXFileReference; explicitFileType = wrapper.application; includeInIndex = 0; path = NSUserDefaultsDemo.app; sourceTree = BUILT_PRODUCTS_DIR; };
		C9A852B31B9FC565006F34B1 /* Info.plist */ = {isa = PBXFileReference; lastKnownFileType = text.plist.xml; path = Info.plist; sourceTree = "<group>"; };
		C9A852B41B9FC565006F34B1 /* main.m */ = {isa = PBXFileReference; lastKnownFileType = sourcecode.c.objc; path = main.m; sourceTree = "<group>"; };
		C9A852B61B9FC565006F34B1 /* AppDelegate.h */ = {isa = PBXFileReference; lastKnownFileType = sourcecode.c.h; path = AppDelegate.h; sourceTree = "<group>"; };
		C9A852B71B9FC565006F34B1 /* AppDelegate.m */ = {isa = PBXFileReference; lastKnownFileType = sourcecode.c.objc; path = AppDelegate.m; sourceTree = "<group>"; };
		C9A852B91B9FC565006F34B1 /* ViewController.h */ = {isa = PBXFileReference; lastKnownFileType = sourcecode.c.h; path = ViewController.h; sourceTree = "<group>"; };
		C9A852BA1B9FC565006F34B1 /* ViewController.m */ = {isa = PBXFileReference; lastKnownFileType = sourcecode.c.objc; path = ViewController.m; sourceTree = "<group>"; };
		C9A852BD1B9FC565006F34B1 /* Base */ = {isa = PBXFileReference; lastKnownFileType = file.storyboard; name = Base; path = Base.lproj/Main.storyboard; sourceTree = "<group>"; };
		C9A852BF1B9FC565006F34B1 /* Images.xcassets */ = {isa = PBXFileReference; lastKnownFileType = folder.assetcatalog; path = Images.xcassets; sourceTree = "<group>"; };
		C9A852C21B9FC565006F34B1 /* Base */ = {isa = PBXFileReference; lastKnownFileType = file.xib; name = Base; path = Base.lproj/LaunchScreen.xib; sourceTree = "<group>"; };
		C9A852C81B9FC565006F34B1 /* NSUserDefaultsDemoTests.xctest */ = {isa = PBXFileReference; explicitFileType = wrapper.cfbundle; includeInIndex = 0; path = NSUserDefaultsDemoTests.xctest; sourceTree = BUILT_PRODUCTS_DIR; };
		C9A852CD1B9FC565006F34B1 /* Info.plist */ = {isa = PBXFileReference; lastKnownFileType = text.plist.xml; path = Info.plist; sourceTree = "<group>"; };
		C9A852CE1B9FC565006F34B1 /* NSUserDefaultsDemoTests.m */ = {isa = PBXFileReference; lastKnownFileType = sourcecode.c.objc; path = NSUserDefaultsDemoTests.m; sourceTree = "<group>"; };
/* End PBXFileReference section */

/* Begin PBXFrameworksBuildPhase section */
		C9A852AC1B9FC564006F34B1 /* Frameworks */ = {
			isa = PBXFrameworksBuildPhase;
			buildActionMask = 2147483647;
			files = (
			);
			runOnlyForDeploymentPostprocessing = 0;
		};
		C9A852C51B9FC565006F34B1 /* Frameworks */ = {
			isa = PBXFrameworksBuildPhase;
			buildActionMask = 2147483647;
			files = (
			);
			runOnlyForDeploymentPostprocessing = 0;
		};
/* End PBXFrameworksBuildPhase section */

/* Begin PBXGroup section */
		C9A852A61B9FC564006F34B1 = {
			isa = PBXGroup;
			children = (
				C9A852B11B9FC564006F34B1 /* NSUserDefaultsDemo */,
				C9A852CB1B9FC565006F34B1 /* NSUserDefaultsDemoTests */,
				C9A852B01B9FC564006F34B1 /* Products */,
			);
			sourceTree = "<group>";
		};
		C9A852B01B9FC564006F34B1 /* Products */ = {
			isa = PBXGroup;
			children = (
				C9A852AF1B9FC564006F34B1 /* NSUserDefaultsDemo.app */,
				C9A852C81B9FC565006F34B1 /* NSUserDefaultsDemoTests.xctest */,
			);
			name = Products;
			sourceTree = "<group>";
		};
		C9A852B11B9FC564006F34B1 /* NSUserDefaultsDemo */ = {
			isa = PBXGroup;
			children = (
				C9A852B61B9FC565006F34B1 /* AppDelegate.h */,
				C9A852B71B9FC565006F34B1 /* AppDelegate.m */,
				C9A852B91B9FC565006F34B1 /* ViewController.h */,
				C9A852BA1B9FC565006F34B1 /* ViewController.m */,
				C9A852BC1B9FC565006F34B1 /* Main.storyboard */,
				C9A852BF1B9FC565006F34B1 /* Images.xcassets */,
				C9A852C11B9FC565006F34B1 /* LaunchScreen.xib */,
				C9A852B21B9FC565006F34B1 /* Supporting Files */,
			);
			path = NSUserDefaultsDemo;
			sourceTree = "<group>";
		};
		C9A852B21B9FC565006F34B1 /* Supporting Files */ = {
			isa = PBXGroup;
			children = (
				C9A852B31B9FC565006F34B1 /* Info.plist */,
				C9A852B41B9FC565006F34B1 /* main.m */,
			);
			name = "Supporting Files";
			sourceTree = "<group>";
		};
		C9A852CB1B9FC565006F34B1 /* NSUserDefaultsDemoTests */ = {
			isa = PBXGroup;
			children = (
				C9A852CE1B9FC565006F34B1 /* NSUserDefaultsDemoTests.m */,
				C9A852CC1B9FC565006F34B1 /* Supporting Files */,
			);
			path = NSUserDefaultsDemoTests;
			sourceTree = "<group>";
		};
		C9A852CC1B9FC565006F34B1 /* Supporting Files */ = {
			isa = PBXGroup;
			children = (
				C9A852CD1B9FC565006F34B1 /* Info.plist */,
			);
			name = "Supporting Files";
			sourceTree = "<group>";
		};
/* End PBXGroup section */

/* Begin PBXNativeTarget section */
		C9A852AE1B9FC564006F34B1 /* NSUserDefaultsDemo */ = {
			isa = PBXNativeTarget;
			buildConfigurationList = C9A852D21B9FC565006F34B1 /* Build configuration list for PBXNativeTarget "NSUserDefaultsDemo" */;
			buildPhases = (
				C9A852AB1B9FC564006F34B1 /* Sources */,
				C9A852AC1B9FC564006F34B1 /* Frameworks */,
				C9A852AD1B9FC564006F34B1 /* Resources */,
			);
			buildRules = (
			);
			dependencies = (
			);
			name = NSUserDefaultsDemo;
			productName = NSUserDefaultsDemo;
			productReference = C9A852AF1B9FC564006F34B1 /* NSUserDefaultsDemo.app */;
			productType = "com.apple.product-type.application";
		};
		C9A852C71B9FC565006F34B1 /* NSUserDefaultsDemoTests */ = {
			isa = PBXNativeTarget;
			buildConfigurationList = C9A852D51B9FC565006F34B1 /* Build configuration list for PBXNativeTarget "NSUserDefaultsDemoTests" */;
			buildPhases = (
				C9A852C41B9FC565006F34B1 /* Sources */,
				C9A852C51B9FC565006F34B1 /* Frameworks */,
				C9A852C61B9FC565006F34B1 /* Resources */,
			);
			buildRules = (
			);
			dependencies = (
				C9A852CA1B9FC565006F34B1 /* PBXTargetDependency */,
			);
			name = NSUserDefaultsDemoTests;
			productName = NSUserDefaultsDemoTests;
			productReference = C9A852C81B9FC565006F34B1 /* NSUserDefaultsDemoTests.xctest */;
			productType = "com.apple.product-type.bundle.unit-test";
		};
/* End PBXNativeTarget section */

/* Begin PBXProject section */
		C9A852A71B9FC564006F34B1 /* Project object */ = {
			isa = PBXProject;
			attributes = {
				LastUpgradeCheck = 0600;
				ORGANIZATIONNAME = "___CASH___";
				TargetAttributes = {
					C9A852AE1B9FC564006F34B1 = {
						CreatedOnToolsVersion = 6.0.1;
					};
					C9A852C71B9FC565006F34B1 = {
						CreatedOnToolsVersion = 6.0.1;
						TestTargetID = C9A852AE1B9FC564006F34B1;
					};
				};
			};
			buildConfigurationList = C9A852AA1B9FC564006F34B1 /* Build configuration list for PBXProject "NSUserDefaultsDemo" */;
			compatibilityVersion = "Xcode 3.2";
			developmentRegion = English;
			hasScannedForEncodings = 0;
			knownRegions = (
				en,
				Base,
			);
			mainGroup = C9A852A61B9FC564006F34B1;
			productRefGroup = C9A852B01B9FC564006F34B1 /* Products */;
			projectDirPath = "";
			projectRoot = "";
			targets = (
				C9A852AE1B9FC564006F34B1 /* NSUserDefaultsDemo */,
				C9A852C71B9FC565006F34B1 /* NSUserDefaultsDemoTests */,
			);
		};
/* End PBXProject section */

/* Begin PBXResourcesBuildPhase section */
		C9A852AD1B9FC564006F34B1 /* Resources */ = {
			isa = PBXResourcesBuildPhase;
			buildActionMask = 2147483647;
			files = (
				C9A852BE1B9FC565006F34B1 /* Main.storyboard in Resources */,
				C9A852C31B9FC565006F34B1 /* LaunchScreen.xib in Resources */,
				C9A852C01B9FC565006F34B1 /* Images.xcassets in Resources */,
			);
			runOnlyForDeploymentPostprocessing = 0;
		};
		C9A852C61B9FC565006F34B1 /* Resources */ = {
			isa = PBXResourcesBuildPhase;
			buildActionMask = 2147483647;
			files = (
			);
			runOnlyForDeploymentPostprocessing = 0;
		};
/* End PBXResourcesBuildPhase section */

/* Begin PBXSourcesBuildPhase section */
		C9A852AB1B9FC564006F34B1 /* Sources */ = {
			isa = PBXSourcesBuildPhase;
			buildActionMask = 2147483647;
			files = (
				C9A852BB1B9FC565006F34B1 /* ViewController.m in Sources */,
				C9A852B81B9FC565006F34B1 /* AppDelegate.m in Sources */,
				C9A852B51B9FC565006F34B1 /* main.m in Sources */,
			);
			runOnlyForDeploymentPostprocessing = 0;
		};
		C9A852C41B9FC565006F34B1 /* Sources */ = {
			isa = PBXSourcesBuildPhase;
			buildActionMask = 2147483647;
			files = (
				C9A852CF1B9FC565006F34B1 /* NSUserDefaultsDemoTests.m in Sources */,
			);
			runOnlyForDeploymentPostprocessing = 0;
		};
/* End PBXSourcesBuildPhase section */

/* Begin PBXTargetDependency section */
		C9A852CA1B9FC565006F34B1 /* PBXTargetDependency */ = {
			isa = PBXTargetDependency;
			target = C9A852AE1B9FC564006F34B1 /* NSUserDefaultsDemo */;
			targetProxy = C9A852C91B9FC565006F34B1 /* PBXContainerItemProxy */;
		};
/* End PBXTargetDependency section */

/* Begin PBXVariantGroup section */
		C9A852BC1B9FC565006F34B1 /* Main.storyboard */ = {
			isa = PBXVariantGroup;
			children = (
				C9A852BD1B9FC565006F34B1 /* Base */,
			);
			name = Main.storyboard;
			sourceTree = "<group>";
		};
		C9A852C11B9FC565006F34B1 /* LaunchScreen.xib */ = {
			isa = PBXVariantGroup;
			children = (
				C9A852C21B9FC565006F34B1 /* Base */,
			);
			name = LaunchScreen.xib;
			sourceTree = "<group>";
		};
/* End PBXVariantGroup section */

/* Begin XCBuildConfiguration section */
		C9A852D01B9FC565006F34B1 /* Debug */ = {
			isa = XCBuildConfiguration;
			buildSettings = {
				ALWAYS_SEARCH_USER_PATHS = NO;
				CLANG_CXX_LANGUAGE_STANDARD = "gnu++0x";
				CLANG_CXX_LIBRARY = "libc++";
				CLANG_ENABLE_MODULES = YES;
				CLANG_ENABLE_OBJC_ARC = YES;
				CLANG_WARN_BOOL_CONVERSION = YES;
				CLANG_WARN_CONSTANT_CONVERSION = YES;
				CLANG_WARN_DIRECT_OBJC_ISA_USAGE = YES_ERROR;
				CLANG_WARN_EMPTY_BODY = YES;
				CLANG_WARN_ENUM_CONVERSION = YES;
				CLANG_WARN_INT_CONVERSION = YES;
				CLANG_WARN_OBJC_ROOT_CLASS = YES_ERROR;
				CLANG_WARN_UNREACHABLE_CODE = YES;
				CLANG_WARN__DUPLICATE_METHOD_MATCH = YES;
				"CODE_SIGN_IDENTITY[sdk=iphoneos*]" = "iPhone Developer";
				COPY_PHASE_STRIP = NO;
				ENABLE_STRICT_OBJC_MSGSEND = YES;
				GCC_C_LANGUAGE_STANDARD = gnu99;
				GCC_DYNAMIC_NO_PIC = NO;
				GCC_OPTIMIZATION_LEVEL = 0;
				GCC_PREPROCESSOR_DEFINITIONS = (
					"DEBUG=1",
					"$(inherited)",
				);
				GCC_SYMBOLS_PRIVATE_EXTERN = NO;
				GCC_WARN_64_TO_32_BIT_CONVERSION = YES;
				GCC_WARN_ABOUT_RETURN_TYPE = YES_ERROR;
				GCC_WARN_UNDECLARED_SELECTOR = YES;
				GCC_WARN_UNINITIALIZED_AUTOS = YES_AGGRESSIVE;
				GCC_WARN_UNUSED_FUNCTION = YES;
				GCC_WARN_UNUSED_VARIABLE = YES;
				IPHONEOS_DEPLOYMENT_TARGET = 8.0;
				MTL_ENABLE_DEBUG_INFO = YES;
				ONLY_ACTIVE_ARCH = YES;
				SDKROOT = iphoneos;
			};
			name = Debug;
		};
		C9A852D11B9FC565006F34B1 /* Release */ = {
			isa = XCBuildConfiguration;
			buildSettings = {
				ALWAYS_SEARCH_USER_PATHS = NO;
				CLANG_CXX_LANGUAGE_STANDARD = "gnu++0x";
				CLANG_CXX_LIBRARY = "libc++";
				CLANG_ENABLE_MODULES = YES;
				CLANG_ENABLE_OBJC_ARC = YES;
				CLANG_WARN_BOOL_CONVERSION = YES;
				CLANG_WARN_CONSTANT_CONVERSION = YES;
				CLANG_WARN_DIRECT_OBJC_ISA_USAGE = YES_ERROR;
				CLANG_WARN_EMPTY_BODY = YES;
				CLANG_WARN_ENUM_CONVERSION = YES;
				CLANG_WARN_INT_CONVERSION = YES;
				CLANG_WARN_OBJC_ROOT_CLASS = YES_ERROR;
				CLANG_WARN_UNREACHABLE_CODE = YES;
				CLANG_WARN__DUPLICATE_METHOD_MATCH = YES;
				"CODE_SIGN_IDENTITY[sdk=iphoneos*]" = "iPhone Developer";
				COPY_PHASE_STRIP = YES;
				ENABLE_NS_ASSERTIONS = NO;
				ENABLE_STRICT_OBJC_MSGSEND = YES;
				GCC_C_LANGUAGE_STANDARD = gnu99;
				GCC_WARN_64_TO_32_BIT_CONVERSION = YES;
				GCC_WARN_ABOUT_RETURN_TYPE = YES_ERROR;
				GCC_WARN_UNDECLARED_SELECTOR = YES;
				GCC_WARN_UNINITIALIZED_AUTOS = YES_AGGRESSIVE;
				GCC_WARN_UNUSED_FUNCTION = YES;
				GCC_WARN_UNUSED_VARIABLE = YES;
				IPHONEOS_DEPLOYMENT_TARGET = 8.0;
				MTL_ENABLE_DEBUG_INFO = NO;
				SDKROOT = iphoneos;
				VALIDATE_PRODUCT = YES;
			};
			name = Release;
		};
		C9A852D31B9FC565006F34B1 /* Debug */ = {
			isa = XCBuildConfiguration;
			buildSettings = {
				ASSETCATALOG_COMPILER_APPICON_NAME = AppIcon;
				INFOPLIST_FILE = NSUserDefaultsDemo/Info.plist;
				LD_RUNPATH_SEARCH_PATHS = "$(inherited) @executable_path/Frameworks";
				PRODUCT_NAME = "$(TARGET_NAME)";
			};
			name = Debug;
		};
		C9A852D41B9FC565006F34B1 /* Release */ = {
			isa = XCBuildConfiguration;
			buildSettings = {
				ASSETCATALOG_COMPILER_APPICON_NAME = AppIcon;
				INFOPLIST_FILE = NSUserDefaultsDemo/Info.plist;
				LD_RUNPATH_SEARCH_PATHS = "$(inherited) @executable_path/Frameworks";
				PRODUCT_NAME = "$(TARGET_NAME)";
			};
			name = Release;
		};
		C9A852D61B9FC565006F34B1 /* Debug */ = {
			isa = XCBuildConfiguration;
			buildSettings = {
				BUNDLE_LOADER = "$(TEST_HOST)";
				FRAMEWORK_SEARCH_PATHS = (
					"$(SDKROOT)/Developer/Library/Frameworks",
					"$(inherited)",
				);
				GCC_PREPROCESSOR_DEFINITIONS = (
					"DEBUG=1",
					"$(inherited)",
				);
				INFOPLIST_FILE = NSUserDefaultsDemoTests/Info.plist;
				LD_RUNPATH_SEARCH_PATHS = "$(inherited) @executable_path/Frameworks @loader_path/Frameworks";
				PRODUCT_NAME = "$(TARGET_NAME)";
				TEST_HOST = "$(BUILT_PRODUCTS_DIR)/NSUserDefaultsDemo.app/NSUserDefaultsDemo";
			};
			name = Debug;
		};
		C9A852D71B9FC565006F34B1 /* Release */ = {
			isa = XCBuildConfiguration;
			buildSettings = {
				BUNDLE_LOADER = "$(TEST_HOST)";
				FRAMEWORK_SEARCH_PATHS = (
					"$(SDKROOT)/Developer/Library/Frameworks",
					"$(inherited)",
				);
				INFOPLIST_FILE = NSUserDefaultsDemoTests/Info.plist;
				LD_RUNPATH_SEARCH_PATHS = "$(inherited) @executable_path/Frameworks @loader_path/Frameworks";
				PRODUCT_NAME = "$(TARGET_NAME)";
				TEST_HOST = "$(BUILT_PRODUCTS_DIR)/NSUserDefaultsDemo.app/NSUserDefaultsDemo";
			};
			name = Release;
		};
/* End XCBuildConfiguration section */

/* Begin XCConfigurationList section */
		C9A852AA1B9FC564006F34B1 /* Build configuration list for PBXProject "NSUserDefaultsDemo" */ = {
			isa = XCConfigurationList;
			buildConfigurations = (
				C9A852D01B9FC565006F34B1 /* Debug */,
				C9A852D11B9FC565006F34B1 /* Release */,
			);
			defaultConfigurationIsVisible = 0;
			defaultConfigurationName = Release;
		};
		C9A852D21B9FC565006F34B1 /* Build configuration list for PBXNativeTarget "NSUserDefaultsDemo" */ = {
			isa = XCConfigurationList;
			buildConfigurations = (
				C9A852D31B9FC565006F34B1 /* Debug */,
				C9A852D41B9FC565006F34B1 /* Release */,
			);
			defaultConfigurationIsVisible = 0;
		};
		C9A852D51B9FC565006F34B1 /* Build configuration list for PBXNativeTarget "NSUserDefaultsDemoTests" */ = {
			isa = XCConfigurationList;
			buildConfigurations = (
				C9A852D61B9FC565006F34B1 /* Debug */,
				C9A852D71B9FC565006F34B1 /* Release */,
			);
			defaultConfigurationIsVisible = 0;
		};
/* End XCConfigurationList section */
	};
	rootObject = C9A852A71B9FC564006F34B1 /* Project object */;
}
